
Microsoft Visual Studio Solution File, Format Version 12.00
# Visual Studio Version 17
VisualStudioVersion = 17.3.32825.248
MinimumVisualStudioVersion = 10.0.40219.1
Project("{FAE04EC0-301F-11D3-BF4B-00C04F79EFBC}") = "WpfITAM", "WpfITAM\WpfITAM.csproj", "{A7D0AEFF-EA93-4F98-AFCE-C375CDC465F2}"
EndProject
Global
	GlobalSection(SolutionConfigurationPlatforms) = preSolution
		Debug|Any CPU = Debug|Any CPU
		Release|Any CPU = Release|Any CPU
	EndGlobalSection
	GlobalSection(ProjectConfigurationPlatforms) = postSolution
		{A7D0AEFF-EA93-4F98-AFCE-C375CDC465F2}.Debug|Any CPU.ActiveCfg = Debug|Any CPU
		{A7D0AEFF-EA93-4F98-AFCE-C375CDC465F2}.Debug|Any CPU.Build.0 = Debug|Any CPU
		{A7D0AEFF-EA93-4F98-AFCE-C375CDC465F2}.Release|Any CPU.ActiveCfg = Release|Any CPU
		{A7D0AEFF-EA93-4F98-AFCE-C375CDC465F2}.Release|Any CPU.Build.0 = Release|Any CPU
	EndGlobalSection
	GlobalSection(SolutionProperties) = preSolution
		HideSolutionNode = FALSE
	EndGlobalSection
	GlobalSection(ExtensibilityGlobals) = postSolution
		SolutionGuid = {A51A2166-450F-476F-A70D-1563BA66B258}
	EndGlobalSection
EndGlobal
